
Microsoft Visual Studio Solution File, Format Version 12.00
# Visual Studio 15
VisualStudioVersion = 15.0.26124.0
MinimumVisualStudioVersion = 15.0.26124.0
Project("{FAE04EC0-301F-11D3-BF4B-00C04F79EFBC}") = "CommonEntities", "CommonEntities\CommonEntities.csproj", "{70EF8D71-3B45-40FD-8C53-6AC0DE5219D9}"
EndProject
Project("{FAE04EC0-301F-11D3-BF4B-00C04F79EFBC}") = "Operations", "Operations\Operations.csproj", "{FA0F2A87-D822-4CA3-A4BB-8A709D37B8E2}"
EndProject
Project("{FAE04EC0-301F-11D3-BF4B-00C04F79EFBC}") = "Operations.Test", "Operations.Test\Operations.Test.csproj", "{6CE301EA-D4A2-4340-81F3-A4FE9ABA81E5}"
EndProject
Project("{FAE04EC0-301F-11D3-BF4B-00C04F79EFBC}") = "Playground", "Playground\Playground.csproj", "{548F2ECA-6442-4A9F-A824-A4CB7F7D05E4}"
EndProject
Global
	GlobalSection(SolutionConfigurationPlatforms) = preSolution
		Debug|Any CPU = Debug|Any CPU
		Debug|x64 = Debug|x64
		Debug|x86 = Debug|x86
		Release|Any CPU = Release|Any CPU
		Release|x64 = Release|x64
		Release|x86 = Release|x86
	EndGlobalSection
	GlobalSection(SolutionProperties) = preSolution
		HideSolutionNode = FALSE
	EndGlobalSection
	GlobalSection(ProjectConfigurationPlatforms) = postSolution
		{70EF8D71-3B45-40FD-8C53-6AC0DE5219D9}.Debug|Any CPU.ActiveCfg = Debug|Any CPU
		{70EF8D71-3B45-40FD-8C53-6AC0DE5219D9}.Debug|Any CPU.Build.0 = Debug|Any CPU
		{70EF8D71-3B45-40FD-8C53-6AC0DE5219D9}.Debug|x64.ActiveCfg = Debug|x64
		{70EF8D71-3B45-40FD-8C53-6AC0DE5219D9}.Debug|x64.Build.0 = Debug|x64
		{70EF8D71-3B45-40FD-8C53-6AC0DE5219D9}.Debug|x86.ActiveCfg = Debug|x86
		{70EF8D71-3B45-40FD-8C53-6AC0DE5219D9}.Debug|x86.Build.0 = Debug|x86
		{70EF8D71-3B45-40FD-8C53-6AC0DE5219D9}.Release|Any CPU.ActiveCfg = Release|Any CPU
		{70EF8D71-3B45-40FD-8C53-6AC0DE5219D9}.Release|Any CPU.Build.0 = Release|Any CPU
		{70EF8D71-3B45-40FD-8C53-6AC0DE5219D9}.Release|x64.ActiveCfg = Release|x64
		{70EF8D71-3B45-40FD-8C53-6AC0DE5219D9}.Release|x64.Build.0 = Release|x64
		{70EF8D71-3B45-40FD-8C53-6AC0DE5219D9}.Release|x86.ActiveCfg = Release|x86
		{70EF8D71-3B45-40FD-8C53-6AC0DE5219D9}.Release|x86.Build.0 = Release|x86
		{FA0F2A87-D822-4CA3-A4BB-8A709D37B8E2}.Debug|Any CPU.ActiveCfg = Debug|Any CPU
		{FA0F2A87-D822-4CA3-A4BB-8A709D37B8E2}.Debug|Any CPU.Build.0 = Debug|Any CPU
		{FA0F2A87-D822-4CA3-A4BB-8A709D37B8E2}.Debug|x64.ActiveCfg = Debug|x64
		{FA0F2A87-D822-4CA3-A4BB-8A709D37B8E2}.Debug|x64.Build.0 = Debug|x64
		{FA0F2A87-D822-4CA3-A4BB-8A709D37B8E2}.Debug|x86.ActiveCfg = Debug|x86
		{FA0F2A87-D822-4CA3-A4BB-8A709D37B8E2}.Debug|x86.Build.0 = Debug|x86
		{FA0F2A87-D822-4CA3-A4BB-8A709D37B8E2}.Release|Any CPU.ActiveCfg = Release|Any CPU
		{FA0F2A87-D822-4CA3-A4BB-8A709D37B8E2}.Release|Any CPU.Build.0 = Release|Any CPU
		{FA0F2A87-D822-4CA3-A4BB-8A709D37B8E2}.Release|x64.ActiveCfg = Release|x64
		{FA0F2A87-D822-4CA3-A4BB-8A709D37B8E2}.Release|x64.Build.0 = Release|x64
		{FA0F2A87-D822-4CA3-A4BB-8A709D37B8E2}.Release|x86.ActiveCfg = Release|x86
		{FA0F2A87-D822-4CA3-A4BB-8A709D37B8E2}.Release|x86.Build.0 = Release|x86
		{6CE301EA-D4A2-4340-81F3-A4FE9ABA81E5}.Debug|Any CPU.ActiveCfg = Debug|Any CPU
		{6CE301EA-D4A2-4340-81F3-A4FE9ABA81E5}.Debug|Any CPU.Build.0 = Debug|Any CPU
		{6CE301EA-D4A2-4340-81F3-A4FE9ABA81E5}.Debug|x64.ActiveCfg = Debug|x64
		{6CE301EA-D4A2-4340-81F3-A4FE9ABA81E5}.Debug|x64.Build.0 = Debug|x64
		{6CE301EA-D4A2-4340-81F3-A4FE9ABA81E5}.Debug|x86.ActiveCfg = Debug|x86
		{6CE301EA-D4A2-4340-81F3-A4FE9ABA81E5}.Debug|x86.Build.0 = Debug|x86
		{6CE301EA-D4A2-4340-81F3-A4FE9ABA81E5}.Release|Any CPU.ActiveCfg = Release|Any CPU
		{6CE301EA-D4A2-4340-81F3-A4FE9ABA81E5}.Release|Any CPU.Build.0 = Release|Any CPU
		{6CE301EA-D4A2-4340-81F3-A4FE9ABA81E5}.Release|x64.ActiveCfg = Release|x64
		{6CE301EA-D4A2-4340-81F3-A4FE9ABA81E5}.Release|x64.Build.0 = Release|x64
		{6CE301EA-D4A2-4340-81F3-A4FE9ABA81E5}.Release|x86.ActiveCfg = Release|x86
		{6CE301EA-D4A2-4340-81F3-A4FE9ABA81E5}.Release|x86.Build.0 = Release|x86
		{548F2ECA-6442-4A9F-A824-A4CB7F7D05E4}.Debug|Any CPU.ActiveCfg = Debug|Any CPU
		{548F2ECA-6442-4A9F-A824-A4CB7F7D05E4}.Debug|Any CPU.Build.0 = Debug|Any CPU
		{548F2ECA-6442-4A9F-A824-A4CB7F7D05E4}.Debug|x64.ActiveCfg = Debug|x64
		{548F2ECA-6442-4A9F-A824-A4CB7F7D05E4}.Debug|x64.Build.0 = Debug|x64
		{548F2ECA-6442-4A9F-A824-A4CB7F7D05E4}.Debug|x86.ActiveCfg = Debug|x86
		{548F2ECA-6442-4A9F-A824-A4CB7F7D05E4}.Debug|x86.Build.0 = Debug|x86
		{548F2ECA-6442-4A9F-A824-A4CB7F7D05E4}.Release|Any CPU.ActiveCfg = Release|Any CPU
		{548F2ECA-6442-4A9F-A824-A4CB7F7D05E4}.Release|Any CPU.Build.0 = Release|Any CPU
		{548F2ECA-6442-4A9F-A824-A4CB7F7D05E4}.Release|x64.ActiveCfg = Release|x64
		{548F2ECA-6442-4A9F-A824-A4CB7F7D05E4}.Release|x64.Build.0 = Release|x64
		{548F2ECA-6442-4A9F-A824-A4CB7F7D05E4}.Release|x86.ActiveCfg = Release|x86
		{548F2ECA-6442-4A9F-A824-A4CB7F7D05E4}.Release|x86.Build.0 = Release|x86
	EndGlobalSection
EndGlobal
